
Microsoft Visual Studio Solution File, Format Version 12.00
# Visual Studio Version 16
VisualStudioVersion = 16.0.30717.126
MinimumVisualStudioVersion = 10.0.40219.1
Project("{9A19103F-16F7-4668-BE54-9A1E7A4F7556}") = "DatabaseGenerator", "DatabaseGenerator\DatabaseGenerator.csproj", "{4391CC1A-71BD-4826-A40B-FA304D35176F}"
EndProject
Global
	GlobalSection(SolutionConfigurationPlatforms) = preSolution
		Debug|Any CPU = Debug|Any CPU
		Release|Any CPU = Release|Any CPU
	EndGlobalSection
	GlobalSection(ProjectConfigurationPlatforms) = postSolution
		{4391CC1A-71BD-4826-A40B-FA304D35176F}.Debug|Any CPU.ActiveCfg = Debug|Any CPU
		{4391CC1A-71BD-4826-A40B-FA304D35176F}.Debug|Any CPU.Build.0 = Debug|Any CPU
		{4391CC1A-71BD-4826-A40B-FA304D35176F}.Release|Any CPU.ActiveCfg = Release|Any CPU
		{4391CC1A-71BD-4826-A40B-FA304D35176F}.Release|Any CPU.Build.0 = Release|Any CPU
		{4AD3D743-2A27-44B7-A7F7-8A45F17BEE95}.Debug|Any CPU.ActiveCfg = Debug|Any CPU
		{4AD3D743-2A27-44B7-A7F7-8A45F17BEE95}.Debug|Any CPU.Build.0 = Debug|Any CPU
		{4AD3D743-2A27-44B7-A7F7-8A45F17BEE95}.Release|Any CPU.ActiveCfg = Release|Any CPU
		{4AD3D743-2A27-44B7-A7F7-8A45F17BEE95}.Release|Any CPU.Build.0 = Release|Any CPU
	EndGlobalSection
	GlobalSection(SolutionProperties) = preSolution
		HideSolutionNode = FALSE
	EndGlobalSection
	GlobalSection(ExtensibilityGlobals) = postSolution
		SolutionGuid = {5AB20085-94C2-4444-B1FC-79332D59165F}
	EndGlobalSection
EndGlobal
